
Microsoft Visual Studio Solution File, Format Version 12.00
# Visual Studio Version 16
VisualStudioVersion = 16.0.31129.286
MinimumVisualStudioVersion = 10.0.40219.1
Project("{FAE04EC0-301F-11D3-BF4B-00C04F79EFBC}") = "MyDictionary", "MyDictionary\MyDictionary.csproj", "{1A4BFAC8-58F3-4614-B535-6D8A309B5375}"
EndProject
Global
	GlobalSection(SolutionConfigurationPlatforms) = preSolution
		Debug|Any CPU = Debug|Any CPU
		Release|Any CPU = Release|Any CPU
	EndGlobalSection
	GlobalSection(ProjectConfigurationPlatforms) = postSolution
		{1A4BFAC8-58F3-4614-B535-6D8A309B5375}.Debug|Any CPU.ActiveCfg = Debug|Any CPU
		{1A4BFAC8-58F3-4614-B535-6D8A309B5375}.Debug|Any CPU.Build.0 = Debug|Any CPU
		{1A4BFAC8-58F3-4614-B535-6D8A309B5375}.Release|Any CPU.ActiveCfg = Release|Any CPU
		{1A4BFAC8-58F3-4614-B535-6D8A309B5375}.Release|Any CPU.Build.0 = Release|Any CPU
	EndGlobalSection
	GlobalSection(SolutionProperties) = preSolution
		HideSolutionNode = FALSE
	EndGlobalSection
	GlobalSection(ExtensibilityGlobals) = postSolution
		SolutionGuid = {A0F2BC48-3828-4296-84FB-5A08390FC9B9}
	EndGlobalSection
EndGlobal
